
Microsoft Visual Studio Solution File, Format Version 11.00
# Visual Web Developer Express 2010
Project("{FAE04EC0-301F-11D3-BF4B-00C04F79EFBC}") = "RestfulSoap", "RestfulSoap.csproj", "{5EF9A369-8C18-44CD-B6C0-71B8BB836876}"
EndProject
Project("{FAE04EC0-301F-11D3-BF4B-00C04F79EFBC}") = "My WCF Service", "..\My WCF Service\My WCF Service.csproj", "{B3611CAF-067D-49B5-8A89-129E4789AC59}"
EndProject
Global
	GlobalSection(SolutionConfigurationPlatforms) = preSolution
		Debug|Any CPU = Debug|Any CPU
		Release|Any CPU = Release|Any CPU
	EndGlobalSection
	GlobalSection(ProjectConfigurationPlatforms) = postSolution
		{5EF9A369-8C18-44CD-B6C0-71B8BB836876}.Debug|Any CPU.ActiveCfg = Debug|Any CPU
		{5EF9A369-8C18-44CD-B6C0-71B8BB836876}.Debug|Any CPU.Build.0 = Debug|Any CPU
		{5EF9A369-8C18-44CD-B6C0-71B8BB836876}.Release|Any CPU.ActiveCfg = Release|Any CPU
		{5EF9A369-8C18-44CD-B6C0-71B8BB836876}.Release|Any CPU.Build.0 = Release|Any CPU
		{B3611CAF-067D-49B5-8A89-129E4789AC59}.Debug|Any CPU.ActiveCfg = Debug|Any CPU
		{B3611CAF-067D-49B5-8A89-129E4789AC59}.Debug|Any CPU.Build.0 = Debug|Any CPU
		{B3611CAF-067D-49B5-8A89-129E4789AC59}.Release|Any CPU.ActiveCfg = Release|Any CPU
		{B3611CAF-067D-49B5-8A89-129E4789AC59}.Release|Any CPU.Build.0 = Release|Any CPU
	EndGlobalSection
	GlobalSection(SolutionProperties) = preSolution
		HideSolutionNode = FALSE
	EndGlobalSection
EndGlobal
